
Microsoft Visual Studio Solution File, Format Version 12.00
# Visual Studio Version 16
VisualStudioVersion = 16.0.33027.164
MinimumVisualStudioVersion = 10.0.40219.1
Project("{FAE04EC0-301F-11D3-BF4B-00C04F79EFBC}") = "BMCinema", "BMCinema\BMCinema.csproj", "{4189BA8F-5158-48EF-AABD-A32BC18CDA6B}"
EndProject
Global
	GlobalSection(SolutionConfigurationPlatforms) = preSolution
		Debug|Any CPU = Debug|Any CPU
		Release|Any CPU = Release|Any CPU
	EndGlobalSection
	GlobalSection(ProjectConfigurationPlatforms) = postSolution
		{4189BA8F-5158-48EF-AABD-A32BC18CDA6B}.Debug|Any CPU.ActiveCfg = Debug|Any CPU
		{4189BA8F-5158-48EF-AABD-A32BC18CDA6B}.Debug|Any CPU.Build.0 = Debug|Any CPU
		{4189BA8F-5158-48EF-AABD-A32BC18CDA6B}.Release|Any CPU.ActiveCfg = Release|Any CPU
		{4189BA8F-5158-48EF-AABD-A32BC18CDA6B}.Release|Any CPU.Build.0 = Release|Any CPU
	EndGlobalSection
	GlobalSection(SolutionProperties) = preSolution
		HideSolutionNode = FALSE
	EndGlobalSection
	GlobalSection(ExtensibilityGlobals) = postSolution
		SolutionGuid = {2520CA80-E87F-473F-9759-5B5273D0B057}
	EndGlobalSection
EndGlobal
